
Microsoft Visual Studio Solution File, Format Version 12.00
# Visual Studio Version 17
VisualStudioVersion = 17.2.32630.192
MinimumVisualStudioVersion = 10.0.40219.1
Project("{9A19103F-16F7-4668-BE54-9A1E7A4F7556}") = "productcatalouge_webapi", "productcatalouge_webapi\productcatalouge_webapi.csproj", "{49346238-8581-45C9-BC3C-72329DC391C7}"
EndProject
Project("{FAE04EC0-301F-11D3-BF4B-00C04F79EFBC}") = "Product.DB", "Product.DB\Product.DB.csproj", "{724E77F8-181E-4686-8E3B-03EF9AE76A91}"
EndProject
Project("{FAE04EC0-301F-11D3-BF4B-00C04F79EFBC}") = "Product.Core", "Product.Core\Product.Core.csproj", "{5F2B3537-1A71-48E6-A66A-33B1BEEABE2B}"
EndProject
Global
	GlobalSection(SolutionConfigurationPlatforms) = preSolution
		Debug|Any CPU = Debug|Any CPU
		Release|Any CPU = Release|Any CPU
	EndGlobalSection
	GlobalSection(ProjectConfigurationPlatforms) = postSolution
		{49346238-8581-45C9-BC3C-72329DC391C7}.Debug|Any CPU.ActiveCfg = Debug|Any CPU
		{49346238-8581-45C9-BC3C-72329DC391C7}.Debug|Any CPU.Build.0 = Debug|Any CPU
		{49346238-8581-45C9-BC3C-72329DC391C7}.Release|Any CPU.ActiveCfg = Release|Any CPU
		{49346238-8581-45C9-BC3C-72329DC391C7}.Release|Any CPU.Build.0 = Release|Any CPU
		{724E77F8-181E-4686-8E3B-03EF9AE76A91}.Debug|Any CPU.ActiveCfg = Debug|Any CPU
		{724E77F8-181E-4686-8E3B-03EF9AE76A91}.Debug|Any CPU.Build.0 = Debug|Any CPU
		{724E77F8-181E-4686-8E3B-03EF9AE76A91}.Release|Any CPU.ActiveCfg = Release|Any CPU
		{724E77F8-181E-4686-8E3B-03EF9AE76A91}.Release|Any CPU.Build.0 = Release|Any CPU
		{5F2B3537-1A71-48E6-A66A-33B1BEEABE2B}.Debug|Any CPU.ActiveCfg = Debug|Any CPU
		{5F2B3537-1A71-48E6-A66A-33B1BEEABE2B}.Debug|Any CPU.Build.0 = Debug|Any CPU
		{5F2B3537-1A71-48E6-A66A-33B1BEEABE2B}.Release|Any CPU.ActiveCfg = Release|Any CPU
		{5F2B3537-1A71-48E6-A66A-33B1BEEABE2B}.Release|Any CPU.Build.0 = Release|Any CPU
	EndGlobalSection
	GlobalSection(SolutionProperties) = preSolution
		HideSolutionNode = FALSE
	EndGlobalSection
	GlobalSection(ExtensibilityGlobals) = postSolution
		SolutionGuid = {09D60E5D-90E7-4BEA-9CB4-6E29DBA8ACFF}
	EndGlobalSection
EndGlobal
